
Microsoft Visual Studio Solution File, Format Version 12.00
# Visual Studio Version 17
VisualStudioVersion = 17.3.32804.467
MinimumVisualStudioVersion = 10.0.40219.1
Project("{FAE04EC0-301F-11D3-BF4B-00C04F79EFBC}") = "Market", "Market\Market.csproj", "{9C78FD9A-D3F0-41C7-A6BE-8B3AFDF0C9A7}"
EndProject
Global
	GlobalSection(SolutionConfigurationPlatforms) = preSolution
		Debug|Any CPU = Debug|Any CPU
		Release|Any CPU = Release|Any CPU
	EndGlobalSection
	GlobalSection(ProjectConfigurationPlatforms) = postSolution
		{9C78FD9A-D3F0-41C7-A6BE-8B3AFDF0C9A7}.Debug|Any CPU.ActiveCfg = Debug|Any CPU
		{9C78FD9A-D3F0-41C7-A6BE-8B3AFDF0C9A7}.Debug|Any CPU.Build.0 = Debug|Any CPU
		{9C78FD9A-D3F0-41C7-A6BE-8B3AFDF0C9A7}.Release|Any CPU.ActiveCfg = Release|Any CPU
		{9C78FD9A-D3F0-41C7-A6BE-8B3AFDF0C9A7}.Release|Any CPU.Build.0 = Release|Any CPU
	EndGlobalSection
	GlobalSection(SolutionProperties) = preSolution
		HideSolutionNode = FALSE
	EndGlobalSection
	GlobalSection(ExtensibilityGlobals) = postSolution
		SolutionGuid = {F41EACE3-FD69-4B59-8202-BBB228AAE9C3}
	EndGlobalSection
EndGlobal
